
Microsoft Visual Studio Solution File, Format Version 12.00
# Visual Studio Version 17
VisualStudioVersion = 17.10.35027.167
MinimumVisualStudioVersion = 10.0.40219.1
Project("{9A19103F-16F7-4668-BE54-9A1E7A4F7556}") = "GameBoyReader.Core", "GameBoyReader.Core\GameBoyReader.Core.csproj", "{447E2A96-C868-44AB-9667-B4147A688EE9}"
EndProject
Project("{9A19103F-16F7-4668-BE54-9A1E7A4F7556}") = "GameBoyReader.CLI", "GameBoyReader.CLI\GameBoyReader.CLI.csproj", "{6E767AC6-41A9-4F92-95C7-7CE48D39D1B0}"
EndProject
Project("{FAE04EC0-301F-11D3-BF4B-00C04F79EFBC}") = "GameBoyReader.GUI", "GameBoyReader.GUI\GameBoyReader.GUI.csproj", "{95F755E6-D725-41A4-A207-6E415EBBAFEB}"
EndProject
Global
	GlobalSection(SolutionConfigurationPlatforms) = preSolution
		Debug|Any CPU = Debug|Any CPU
		Release|Any CPU = Release|Any CPU
	EndGlobalSection
	GlobalSection(ProjectConfigurationPlatforms) = postSolution
		{447E2A96-C868-44AB-9667-B4147A688EE9}.Debug|Any CPU.ActiveCfg = Debug|Any CPU
		{447E2A96-C868-44AB-9667-B4147A688EE9}.Debug|Any CPU.Build.0 = Debug|Any CPU
		{447E2A96-C868-44AB-9667-B4147A688EE9}.Release|Any CPU.ActiveCfg = Release|Any CPU
		{447E2A96-C868-44AB-9667-B4147A688EE9}.Release|Any CPU.Build.0 = Release|Any CPU
		{6E767AC6-41A9-4F92-95C7-7CE48D39D1B0}.Debug|Any CPU.ActiveCfg = Debug|Any CPU
		{6E767AC6-41A9-4F92-95C7-7CE48D39D1B0}.Debug|Any CPU.Build.0 = Debug|Any CPU
		{6E767AC6-41A9-4F92-95C7-7CE48D39D1B0}.Release|Any CPU.ActiveCfg = Release|Any CPU
		{6E767AC6-41A9-4F92-95C7-7CE48D39D1B0}.Release|Any CPU.Build.0 = Release|Any CPU
		{95F755E6-D725-41A4-A207-6E415EBBAFEB}.Debug|Any CPU.ActiveCfg = Debug|Any CPU
		{95F755E6-D725-41A4-A207-6E415EBBAFEB}.Debug|Any CPU.Build.0 = Debug|Any CPU
		{95F755E6-D725-41A4-A207-6E415EBBAFEB}.Release|Any CPU.ActiveCfg = Release|Any CPU
		{95F755E6-D725-41A4-A207-6E415EBBAFEB}.Release|Any CPU.Build.0 = Release|Any CPU
	EndGlobalSection
	GlobalSection(SolutionProperties) = preSolution
		HideSolutionNode = FALSE
	EndGlobalSection
	GlobalSection(ExtensibilityGlobals) = postSolution
		SolutionGuid = {C2447DD4-A34A-49C5-874D-AF9668668037}
	EndGlobalSection
EndGlobal
